{
  "version": 1,
  "dependencies": {
    "net10.0": {
      "CommandLineParser": {
        "type": "Direct",
        "requested": "[2.9.1, )",
        "resolved": "2.9.1",
        "contentHash": "OE0sl1/sQ37bjVsPKKtwQlWDgqaxWgtme3xZz7JssWUzg5JpMIyHgCTY9MVMxOg48fJ1AgGT3tgdH5m/kQ5xhA=="
      },
      "Microsoft.Extensions.Configuration.Json": {
        "type": "Direct",
        "requested": "[10.0.12, )",
        "resolved": "10.0.12",
        "contentHash": "H4u2ZeIhjmRQvbHj7S7U4MK1kXb0khx3UtOWcir32VHczdFyIVF0lvHew/VVHmCF7Uk0QseAUaO7HyFKOCSiKA==",
        "dependencies": {
          "Microsoft.Extensions.Configuration": "10.0.12",
          "Microsoft.Extensions.Configuration.Abstractions": "10.0.12",
          "Microsoft.Extensions.Configuration.FileExtensions": "10.0.12",
          "Microsoft.Extensions.FileProviders.Abstractions": "10.0.12"
        }
      },
      "nanoFramework.Tools.Debugger.Net": {
        "type": "Direct",
        "requested": "[2.5.23, )",
        "resolved": "2.5.23",
        "contentHash": "1cpo8iPeBySWgl5Qxuuot/kSIDyyW/tlu/T35hynZS6y+m/nQsizTo5i109gtxSNzlFX1EK0UBnJQXQVQO+QAw==",
        "dependencies": {
          "Polly": "7.2.4",
          "System.IO.Ports": "8.0.0"
        }
      },
      "Nerdbank.GitVersioning": {
        "type": "Direct",
        "requested": "[3.10.94, )",
        "resolved": "3.10.94",
        "contentHash": "sn6gFIx6bwFj3Me0XGmek3gLZi/MZC8C4tRLwslXGeBcXcVxvFpZyDrQA93G8TiYgxTS7J7triKB7hj5wXzSxA=="
      },
      "Azure.Core": {
        "type": "Transitive",
        "resolved": "1.54.0",
        "contentHash": "m6hHbx1q9+GCBZ5A9ykzFylPdTwscX2APH7PlnqV+yu+DH3RRtuIDJMRqdU17cMyinv0hCPofpegoyQ6qWPW7g==",
        "dependencies": {
          "Microsoft.Bcl.AsyncInterfaces": "10.0.3",
          "Microsoft.Extensions.Configuration.Abstractions": "10.0.3",
          "Microsoft.Extensions.Hosting.Abstractions": "10.0.3",
          "Microsoft.Identity.Client": "4.83.1",
          "Microsoft.Identity.Client.Extensions.Msal": "4.83.1",
          "System.ClientModel": "1.10.0",
          "System.Memory.Data": "10.0.3"
        }
      },
      "Azure.Monitor.OpenTelemetry.Exporter": {
        "type": "Transitive",
        "resolved": "1.8.0",
        "contentHash": "JbNUQIK7uZ7Mg2fZzdsjqC/eso3Ag/tMwCqYvGvedyE1fObe6JAwCaCSMZDMrhrAaFn8x8+ZaKJelfcEK5MCcg==",
        "dependencies": {
          "Azure.Core": "1.54.0",
          "OpenTelemetry.Extensions.Hosting": "1.15.3",
          "OpenTelemetry.PersistentStorage.FileSystem": "1.0.3"
        }
      },
      "LibUsbDotNet": {
        "type": "Transitive",
        "resolved": "2.2.75",
        "contentHash": "PRp2lYflUN/IrYJW8ZM6G/0hBKnX4ySOq9L+4mavqWIGH6KcEMPXKAxln6oVQ+dQK5Q2yNdYLDJhk7NfuP9+ww=="
      },
      "Microsoft.ApplicationInsights": {
        "type": "Transitive",
        "resolved": "3.1.2",
        "contentHash": "E+8N7Q6GS/AcyJ0xuYA48nVL4eQGGOSJZvNz/R7qQtMGCUwjLzQe9Ttpgh/7eQktngsUuNGaEzBhM7IUU0t4xA==",
        "dependencies": {
          "Azure.Monitor.OpenTelemetry.Exporter": "1.8.0"
        }
      },
      "Microsoft.Bcl.AsyncInterfaces": {
        "type": "Transitive",
        "resolved": "10.0.3",
        "contentHash": "TV62UsrJZPX6gbt3c4WrtXh7bmaDIcMqf9uft1cc4L6gJXOU07hDGEh+bFQh/L2Az0R1WVOkiT66lFqS6G2NmA=="
      },
      "Microsoft.Extensions.Configuration": {
        "type": "Transitive",
        "resolved": "10.0.12",
        "contentHash": "e3IPP32CRNL031VZJAUTlCTG0YN7WFh4mN3fsSHTDQCJB+3+f0jGycv4fXk3rrftaY3B85XrQaj7sRthrOsavg==",
        "dependencies": {
          "Microsoft.Extensions.Configuration.Abstractions": "10.0.12",
          "Microsoft.Extensions.Primitives": "10.0.12"
        }
      },
      "Microsoft.Extensions.Configuration.Abstractions": {
        "type": "Transitive",
        "resolved": "10.0.12",
        "contentHash": "8xaGcvS/qZ1otoxPQCEJkNva389CVL/plNcvIETZhQTETYdRkYDPEYhUMoAGONo4FU45ufdfE0j29AfWVVj0wA==",
        "dependencies": {
          "Microsoft.Extensions.Primitives": "10.0.12"
        }
      },
      "Microsoft.Extensions.Configuration.Binder": {
        "type": "Transitive",
        "resolved": "10.0.0",
        "contentHash": "tMF9wNh+hlyYDWB8mrFCQHQmWHlRosol1b/N2Jrefy1bFLnuTlgSYmPyHNmz8xVQgs7DpXytBRWxGhG+mSTp0g==",
        "dependencies": {
          "Microsoft.Extensions.Configuration": "10.0.0",
          "Microsoft.Extensions.Configuration.Abstractions": "10.0.0"
        }
      },
      "Microsoft.Extensions.Configuration.FileExtensions": {
        "type": "Transitive",
        "resolved": "10.0.12",
        "contentHash": "PNPS7yYH9U2M0dExn0tMkQFVtE53xTlCs/dgTfsWTTFyCF6qwGT3VrTgm2nnnkSRlSmvM9/J+n9xCpyzd9xTpQ==",
        "dependencies": {
          "Microsoft.Extensions.Configuration": "10.0.12",
          "Microsoft.Extensions.Configuration.Abstractions": "10.0.12",
          "Microsoft.Extensions.FileProviders.Abstractions": "10.0.12",
          "Microsoft.Extensions.FileProviders.Physical": "10.0.12",
          "Microsoft.Extensions.Primitives": "10.0.12"
        }
      },
      "Microsoft.Extensions.DependencyInjection": {
        "type": "Transitive",
        "resolved": "10.0.0",
        "contentHash": "f0RBabswJq+gRu5a+hWIobrLWiUYPKMhCD9WO3sYBAdSy3FFH14LMvLVFZc2kPSCimBLxSuitUhsd6tb0TAY6A==",
        "dependencies": {
          "Microsoft.Extensions.DependencyInjection.Abstractions": "10.0.0"
        }
      },
      "Microsoft.Extensions.DependencyInjection.Abstractions": {
        "type": "Transitive",
        "resolved": "10.0.3",
        "contentHash": "bwGMrRcAMWx2s/RDgja97p27rxSz2pEQW0+rX5cWAUWVETVJ/eyxGfjAl8vuG5a+lckWmPIE+vcuaZNVB5YDdw=="
      },
      "Microsoft.Extensions.Diagnostics.Abstractions": {
        "type": "Transitive",
        "resolved": "10.0.3",
        "contentHash": "mQiTzAj7PIJ2A9YXR5QhgulS1fTWhmQc3ckd1Mrf3hKW07d03fBDqx8vVaFw+cRTebDOeB6pNqdWdnRxsi1hBA==",
        "dependencies": {
          "Microsoft.Extensions.DependencyInjection.Abstractions": "10.0.3",
          "Microsoft.Extensions.Options": "10.0.3"
        }
      },
      "Microsoft.Extensions.FileProviders.Abstractions": {
        "type": "Transitive",
        "resolved": "10.0.12",
        "contentHash": "iQseV6HixWzEYQH4i++84ToIroXnM5jC1TJF4EqBz3lWNG1HBTMYDLkRb6Wm3wk5V6WqSfl7NukO/LYsloGyfg==",
        "dependencies": {
          "Microsoft.Extensions.Primitives": "10.0.12"
        }
      },
      "Microsoft.Extensions.FileProviders.Physical": {
        "type": "Transitive",
        "resolved": "10.0.12",
        "contentHash": "3cY+wo2+Qe65BVwShhr2fFqZv5Ns73h3kX4mpW3WvSgfT3AWCk0hKArKW4TF7Dg3mvbJdA6RhWPW7FR+PS5/1w==",
        "dependencies": {
          "Microsoft.Extensions.FileProviders.Abstractions": "10.0.12",
          "Microsoft.Extensions.FileSystemGlobbing": "10.0.12",
          "Microsoft.Extensions.Primitives": "10.0.12"
        }
      },
      "Microsoft.Extensions.FileSystemGlobbing": {
        "type": "Transitive",
        "resolved": "10.0.12",
        "contentHash": "45cV+UeI0chPAIXrx9Wv7K4PJXuuIR2pnOur5MOAo6kOFclBHSLLDrvGAxMfWRMtUvpv/kQZkxlgaUN56jwzSQ=="
      },
      "Microsoft.Extensions.Hosting.Abstractions": {
        "type": "Transitive",
        "resolved": "10.0.3",
        "contentHash": "GdMpC10Jf6poxSvUJ4lgYpJ5F/kJeaAoJmrPufjBoPYyCTKKY5Dyl0rZA+LBNvFqTq1cZa/lhlptlUhNvU6xrg==",
        "dependencies": {
          "Microsoft.Extensions.Configuration.Abstractions": "10.0.3",
          "Microsoft.Extensions.DependencyInjection.Abstractions": "10.0.3",
          "Microsoft.Extensions.Diagnostics.Abstractions": "10.0.3",
          "Microsoft.Extensions.FileProviders.Abstractions": "10.0.3",
          "Microsoft.Extensions.Logging.Abstractions": "10.0.3"
        }
      },
      "Microsoft.Extensions.Logging": {
        "type": "Transitive",
        "resolved": "10.0.0",
        "contentHash": "BStFkd5CcnEtarlcgYDBcFzGYCuuNMzPs02wN3WBsOFoYIEmYoUdAiU+au6opzoqfTYJsMTW00AeqDdnXH2CvA==",
        "dependencies": {
          "Microsoft.Extensions.DependencyInjection": "10.0.0",
          "Microsoft.Extensions.Logging.Abstractions": "10.0.0",
          "Microsoft.Extensions.Options": "10.0.0"
        }
      },
      "Microsoft.Extensions.Logging.Abstractions": {
        "type": "Transitive",
        "resolved": "10.0.3",
        "contentHash": "lxl0WLk7ROgBFAsjcOYjQ8/DVK+VMszxGBzUhgtQmAsTNldLL5pk9NG/cWTsXHq0lUhUEAtZkEE7jOGOA8bGKQ==",
        "dependencies": {
          "Microsoft.Extensions.DependencyInjection.Abstractions": "10.0.3"
        }
      },
      "Microsoft.Extensions.Logging.Configuration": {
        "type": "Transitive",
        "resolved": "10.0.0",
        "contentHash": "j8zcwhS6bYB6FEfaY3nYSgHdpiL2T+/V3xjpHtslVAegyI1JUbB9yAt/BFdvZdsNbY0Udm4xFtvfT/hUwcOOOg==",
        "dependencies": {
          "Microsoft.Extensions.Configuration": "10.0.0",
          "Microsoft.Extensions.Configuration.Abstractions": "10.0.0",
          "Microsoft.Extensions.Configuration.Binder": "10.0.0",
          "Microsoft.Extensions.DependencyInjection.Abstractions": "10.0.0",
          "Microsoft.Extensions.Logging": "10.0.0",
          "Microsoft.Extensions.Logging.Abstractions": "10.0.0",
          "Microsoft.Extensions.Options": "10.0.0",
          "Microsoft.Extensions.Options.ConfigurationExtensions": "10.0.0"
        }
      },
      "Microsoft.Extensions.Options": {
        "type": "Transitive",
        "resolved": "10.0.3",
        "contentHash": "hU6WzGTPvPoLA2ng1ILvWQb3g0qORdlHNsxI8IcPLumJb3suimYUl+bbDzdo1V4KFsvVhnMWzysHpKbZaoDQPQ==",
        "dependencies": {
          "Microsoft.Extensions.DependencyInjection.Abstractions": "10.0.3",
          "Microsoft.Extensions.Primitives": "10.0.3"
        }
      },
      "Microsoft.Extensions.Options.ConfigurationExtensions": {
        "type": "Transitive",
        "resolved": "10.0.0",
        "contentHash": "tL9cSl3maS5FPzp/3MtlZI21ExWhni0nnUCF8HY4npTsINw45n9SNDbkKXBMtFyUFGSsQep25fHIDN4f/Vp3AQ==",
        "dependencies": {
          "Microsoft.Extensions.Configuration.Abstractions": "10.0.0",
          "Microsoft.Extensions.Configuration.Binder": "10.0.0",
          "Microsoft.Extensions.DependencyInjection.Abstractions": "10.0.0",
          "Microsoft.Extensions.Options": "10.0.0",
          "Microsoft.Extensions.Primitives": "10.0.0"
        }
      },
      "Microsoft.Extensions.Primitives": {
        "type": "Transitive",
        "resolved": "10.0.12",
        "contentHash": "dYfCLR52UA+3DL7C4I/pvSaRPkNqxrUAQmbFL2u0zvYKKzqgrFCJl08Df+F1aYc8leu9JvpC9bsURUdpExcBXQ=="
      },
      "Microsoft.Identity.Client": {
        "type": "Transitive",
        "resolved": "4.83.1",
        "contentHash": "jOLIrZ3cynoqHLLO1cXplFFabrhrMEYs/EuKHvmCyrOm1axqiVFT6nCSnHxk7w5+d2BeQfCdM12Yf/0X7OeS1g==",
        "dependencies": {
          "Microsoft.IdentityModel.Abstractions": "8.14.0"
        }
      },
      "Microsoft.Identity.Client.Extensions.Msal": {
        "type": "Transitive",
        "resolved": "4.83.1",
        "contentHash": "I3k4J4Hj4KbLEFanjeUzzDOVecukETaTgEkJ7h2pP/Yazs6SLp6TVUTo/Eo+ptPXMwvc+iX7rBFtMSUrA7R+Mg==",
        "dependencies": {
          "Microsoft.Identity.Client": "4.83.1",
          "System.Security.Cryptography.ProtectedData": "4.5.0"
        }
      },
      "Microsoft.IdentityModel.Abstractions": {
        "type": "Transitive",
        "resolved": "8.14.0",
        "contentHash": "iwbCpSjD3ehfTwBhtSNEtKPK0ICun6ov7Ibx6ISNA9bfwIyzI2Siwyi9eJFCJBwxowK9xcA1mj+jBWiigeqgcQ=="
      },
      "OpenTelemetry": {
        "type": "Transitive",
        "resolved": "1.15.3",
        "contentHash": "N0i6WjPoHPbZyms1ugbDIFAJFuGlpeExJMU/+XSL0lQRUkg/D0utFkDoLXf8Z1km5B+xVZ2GyMXXiX8qdeNmPg==",
        "dependencies": {
          "Microsoft.Extensions.Diagnostics.Abstractions": "10.0.0",
          "Microsoft.Extensions.Logging.Configuration": "10.0.0",
          "OpenTelemetry.Api.ProviderBuilderExtensions": "1.15.3"
        }
      },
      "OpenTelemetry.Api": {
        "type": "Transitive",
        "resolved": "1.15.3",
        "contentHash": "fX+fkCysfPut+qCcT3bKqyX4QN9Saf4CgX8HLOHywEVD+Xr7sULtfuypITpoDysjx8R59dn/3mWhgimMH8cm/g=="
      },
      "OpenTelemetry.Api.ProviderBuilderExtensions": {
        "type": "Transitive",
        "resolved": "1.15.3",
        "contentHash": "SYn0lqYDwLMWhv/zlNGsQcl2yX++yTumanX46bmOZE/ZDOd1WjPBO2kZaZgKLEZTZk48pavIFGJ6vOvxXgWVFQ==",
        "dependencies": {
          "Microsoft.Extensions.DependencyInjection.Abstractions": "10.0.0",
          "OpenTelemetry.Api": "1.15.3"
        }
      },
      "OpenTelemetry.Extensions.Hosting": {
        "type": "Transitive",
        "resolved": "1.15.3",
        "contentHash": "u8n/W8yIlqv0BXZmvId1iVaeWXG42tGKdTkuLYg5g57Y/r9CeUNzqtrSHNdG5IoO8iPX79w3v+WsbAHgUQbfeg==",
        "dependencies": {
          "Microsoft.Extensions.Hosting.Abstractions": "10.0.0",
          "OpenTelemetry": "1.15.3"
        }
      },
      "OpenTelemetry.PersistentStorage.Abstractions": {
        "type": "Transitive",
        "resolved": "1.0.3",
        "contentHash": "7nSE1uLY0KOHRssg1xQydDZJ/s9zECOzFT/gSDIp1KTxbgd1yziuMTsdBKZ/N1BbpUxfH6Pjq5OMd7lYogwReA=="
      },
      "OpenTelemetry.PersistentStorage.FileSystem": {
        "type": "Transitive",
        "resolved": "1.0.3",
        "contentHash": "3k+yCroJcGBtZIia+0LgzMlBuD0U95BzcWNEGWedusBaRAD8EmkaCPAUwaCtFbb/Mg7HywbIG2zuenANPYFJ0g==",
        "dependencies": {
          "OpenTelemetry.PersistentStorage.Abstractions": "1.0.3"
        }
      },
      "Polly": {
        "type": "Transitive",
        "resolved": "7.2.4",
        "contentHash": "bw00Ck5sh6ekduDE3mnCo1ohzuad946uslCDEENu3091+6UKnBuKLo4e+yaNcCzXxOZCXWY2gV4a35+K1d4LDA=="
      },
      "runtime.android-arm.runtime.native.System.IO.Ports": {
        "type": "Transitive",
        "resolved": "10.0.12",
        "contentHash": "Z/jM+BuTfcX79NS8VbO4d15Tkyu8EqO2E8U3HiTQPpohGzhJFwlh6BNzbo/sYfhJSCPOzgSTNRNwIdT4LnVIRA=="
      },
      "runtime.android-arm64.runtime.native.System.IO.Ports": {
        "type": "Transitive",
        "resolved": "10.0.12",
        "contentHash": "utoE99MiG/ridu5LjjQifFt6qQ3vqGzWJt32McOc6BpgYfT8jcujFZTR3XKo5vbOH0P81niXQLYXq5wUkm8s5Q=="
      },
      "runtime.android-x64.runtime.native.System.IO.Ports": {
        "type": "Transitive",
        "resolved": "10.0.12",
        "contentHash": "j/bG8wTQ+qABBQtLqnvjna/e7EwN+oQKeXQF1J2sYp1qtAnrU93XukWk55gLcWPuStd/oEEGdBnmyS/rIJ2hRw=="
      },
      "runtime.android-x86.runtime.native.System.IO.Ports": {
        "type": "Transitive",
        "resolved": "10.0.12",
        "contentHash": "UnOkndww8moHF8NKSFyslswuIkEKOmxAdIW83gg2CV2JTh4G62jZ7PNYbSrYH2BTbAQA7UTGZWZgOALu/LzVVQ=="
      },
      "runtime.linux-arm.runtime.native.System.IO.Ports": {
        "type": "Transitive",
        "resolved": "10.0.12",
        "contentHash": "SZMB6F6EiZFNTHs5ado5lwqXsYit/bQdtSeaP/HxHqlJ67+aBwsElmT88UUZCnHTvdcSxNyntzelHmK2U6j+6g=="
      },
      "runtime.linux-arm64.runtime.native.System.IO.Ports": {
        "type": "Transitive",
        "resolved": "10.0.12",
        "contentHash": "C++hCDe7uJB69rlC8C4yBVxe6oJMCwK6+wXCHKz/8yHUm4UDUojxOj/DaXfK2M9zLVEurjEQTqfEKTkI5rmAhg=="
      },
      "runtime.linux-bionic-arm64.runtime.native.System.IO.Ports": {
        "type": "Transitive",
        "resolved": "10.0.12",
        "contentHash": "aPlLOh2vMfMiWaEcxB72t4LZehqXria6O+/KSwk0SClBDEDOetDMeGzvAL2eSW49GTTJOUgfPG4Ar6AYGpOeOg=="
      },
      "runtime.linux-bionic-x64.runtime.native.System.IO.Ports": {
        "type": "Transitive",
        "resolved": "10.0.12",
        "contentHash": "39560dDxf2JWUjeBKPh+1Hzijsd60U2W5UMc2iqno/qae7ESARett9JegQA8q0rgqztGBzZFfr8GvVu2QptYpA=="
      },
      "runtime.linux-musl-arm.runtime.native.System.IO.Ports": {
        "type": "Transitive",
        "resolved": "10.0.12",
        "contentHash": "2KI4Qr0w17xkKtLXgo5e3BkElEa4bTCapevoNOH9NgRZKIKmHiwGWDVHWjLp8z8oGpeF3cD4YNuJmycT/yMzkg=="
      },
      "runtime.linux-musl-arm64.runtime.native.System.IO.Ports": {
        "type": "Transitive",
        "resolved": "10.0.12",
        "contentHash": "HSZfyGYdk/AQpN1TjdAE7DbUItEMPPoOemNSQ+fMwT0r7ATigIK9Z0RA+q/J6aZGg0qh9s0ekm/9xxEIZzOnLA=="
      },
      "runtime.linux-musl-x64.runtime.native.System.IO.Ports": {
        "type": "Transitive",
        "resolved": "10.0.12",
        "contentHash": "T4QpdiKC2SnSREXzex8METnaj5F9KL0hIcDypDhONRXykmySxLSUnLV1u6hMtxONhKo1RXTGg0P/+zZ95cREaw=="
      },
      "runtime.linux-x64.runtime.native.System.IO.Ports": {
        "type": "Transitive",
        "resolved": "10.0.12",
        "contentHash": "MDmkBZV5iTMC/vBcWupVo50Uj/I+nWUeB/DaG4ZbowZFJWPiViCaJpCkgABnRBtXLdzIMEtqQ2GwPbp1JlkzTw=="
      },
      "runtime.maccatalyst-arm64.runtime.native.System.IO.Ports": {
        "type": "Transitive",
        "resolved": "10.0.12",
        "contentHash": "0jKM5ZXk+o24eoOFmjN04vkojBBx1LLahDt/xCayu1AGbY5vnruHFrLEAd8vxDMmkOsm7eC6DwQ/uDRni88h4g=="
      },
      "runtime.maccatalyst-x64.runtime.native.System.IO.Ports": {
        "type": "Transitive",
        "resolved": "10.0.12",
        "contentHash": "ztIRG0G+EJDg++jVibtGTEJS70H90xUPPOPZKgnlwzvgaf/2nMgYvr+nxkVRoVFyQJXSJ11Z8PVDBKOyFdVk7Q=="
      },
      "runtime.native.System.IO.Ports": {
        "type": "Transitive",
        "resolved": "10.0.12",
        "contentHash": "yBj+VYnDoB0jaq9mKgtDZJ13VndsD3WsDuWeqPaN1AXVwg7XgxHhxSq8+t7dWnTZY2kIC0qqmXH05DbdiOgtRw==",
        "dependencies": {
          "runtime.android-arm.runtime.native.System.IO.Ports": "10.0.12",
          "runtime.android-arm64.runtime.native.System.IO.Ports": "10.0.12",
          "runtime.android-x64.runtime.native.System.IO.Ports": "10.0.12",
          "runtime.android-x86.runtime.native.System.IO.Ports": "10.0.12",
          "runtime.linux-arm.runtime.native.System.IO.Ports": "10.0.12",
          "runtime.linux-arm64.runtime.native.System.IO.Ports": "10.0.12",
          "runtime.linux-bionic-arm64.runtime.native.System.IO.Ports": "10.0.12",
          "runtime.linux-bionic-x64.runtime.native.System.IO.Ports": "10.0.12",
          "runtime.linux-musl-arm.runtime.native.System.IO.Ports": "10.0.12",
          "runtime.linux-musl-arm64.runtime.native.System.IO.Ports": "10.0.12",
          "runtime.linux-musl-x64.runtime.native.System.IO.Ports": "10.0.12",
          "runtime.linux-x64.runtime.native.System.IO.Ports": "10.0.12",
          "runtime.maccatalyst-arm64.runtime.native.System.IO.Ports": "10.0.12",
          "runtime.maccatalyst-x64.runtime.native.System.IO.Ports": "10.0.12",
          "runtime.osx-arm64.runtime.native.System.IO.Ports": "10.0.12",
          "runtime.osx-x64.runtime.native.System.IO.Ports": "10.0.12"
        }
      },
      "runtime.osx-arm64.runtime.native.System.IO.Ports": {
        "type": "Transitive",
        "resolved": "10.0.12",
        "contentHash": "UqHl4MuMB3pNx1l5H1IFroh739Gq/yuF1IeXgMIaeFVWF+3YVRhZY4GvOCWfaQdBOUXIHezN6vxXnCO6ENdf2g=="
      },
      "runtime.osx-x64.runtime.native.System.IO.Ports": {
        "type": "Transitive",
        "resolved": "10.0.12",
        "contentHash": "xW3WrR+5Q5lKfsZpVD5I3H72xGKBPgdXnw+/qi/bN33TUP2dCOhZp4vQ5wB86WXfAv6QL9Jy55s5k9AalajO5w=="
      },
      "System.ClientModel": {
        "type": "Transitive",
        "resolved": "1.10.0",
        "contentHash": "lBEWs54F5Y5pZ9hC+8z4S/X76957ex+DPk7WecRHlbIHtrPfbRMMlOgI3iDn4Jpb3bSxvBnKaaHoD59auFjlBA==",
        "dependencies": {
          "Microsoft.Extensions.Configuration.Abstractions": "10.0.3",
          "Microsoft.Extensions.Hosting.Abstractions": "10.0.3",
          "Microsoft.Extensions.Logging.Abstractions": "10.0.3",
          "System.Memory.Data": "10.0.3"
        }
      },
      "System.ComponentModel.Annotations": {
        "type": "Transitive",
        "resolved": "5.0.0",
        "contentHash": "dMkqfy2el8A8/I76n2Hi1oBFEbG1SfxD2l5nhwXV3XjlnOmwxJlQbYpJH4W51odnU9sARCSAgv7S3CyAFMkpYg=="
      },
      "System.IO.Ports": {
        "type": "Transitive",
        "resolved": "10.0.12",
        "contentHash": "qUa36rEId4mz9sf7mICT3kKC0DUetmqaKSmJxPPx2hgT7U8qDTjCSrqmWkCIWpU00f2ltWloYB0iy5BKymIuuQ==",
        "dependencies": {
          "runtime.native.System.IO.Ports": "10.0.12"
        }
      },
      "System.Memory.Data": {
        "type": "Transitive",
        "resolved": "10.0.3",
        "contentHash": "MaGhRfGunmrj/nHjtsi9XkhlYJ/ERGWrbA+BiSKNtGnAjc9XlG5EhAvak6VRcX5LYzPF6pBO8nJ613dTgzabig=="
      },
      "System.Security.Cryptography.ProtectedData": {
        "type": "Transitive",
        "resolved": "4.5.0",
        "contentHash": "wLBKzFnDCxP12VL9ANydSYhk59fC4cvOr9ypYQLPnAj48NQIhqnjdD2yhP8yEKyBJEjERWS9DisKL7rX5eU25Q=="
      },
      "nanoFramework.Tools.FirmwareFlasher": {
        "type": "Project",
        "dependencies": {
          "LibUsbDotNet": "[2.2.75, )",
          "Microsoft.ApplicationInsights": "[3.1.2, )",
          "Microsoft.Extensions.Configuration": "[10.0.12, )",
          "Microsoft.Extensions.Configuration.Json": "[10.0.12, )",
          "System.ComponentModel.Annotations": "[5.0.0, )",
          "System.IO.Ports": "[10.0.12, )",
          "nanoFramework.Tools.Debugger.Net": "[2.5.23, )"
        }
      }
    }
  }
}