
Microsoft Visual Studio Solution File, Format Version 12.00
# Visual Studio Version 16
VisualStudioVersion = 16.0.29806.167
MinimumVisualStudioVersion = 10.0.40219.1
Project("{9A19103F-16F7-4668-BE54-9A1E7A4F7556}") = "nanoFirmwareFlasher", "nanoFirmwareFlasher\nanoFirmwareFlasher.csproj", "{762BA2A1-B3E9-4E26-9491-AE11D1F1C1EA}"
EndProject
Global
	GlobalSection(SolutionConfigurationPlatforms) = preSolution
		Debug|Any CPU = Debug|Any CPU
		Release|Any CPU = Release|Any CPU
	EndGlobalSection
	GlobalSection(ProjectConfigurationPlatforms) = postSolution
		{762BA2A1-B3E9-4E26-9491-AE11D1F1C1EA}.Debug|Any CPU.ActiveCfg = Debug|Any CPU
		{762BA2A1-B3E9-4E26-9491-AE11D1F1C1EA}.Debug|Any CPU.Build.0 = Debug|Any CPU
		{762BA2A1-B3E9-4E26-9491-AE11D1F1C1EA}.Release|Any CPU.ActiveCfg = Release|Any CPU
		{762BA2A1-B3E9-4E26-9491-AE11D1F1C1EA}.Release|Any CPU.Build.0 = Release|Any CPU
	EndGlobalSection
	GlobalSection(SolutionProperties) = preSolution
		HideSolutionNode = FALSE
	EndGlobalSection
	GlobalSection(ExtensibilityGlobals) = postSolution
		SolutionGuid = {56E99FF7-1E34-4FB8-8E3C-F98890E741D0}
	EndGlobalSection
EndGlobal
